
Microsoft Visual Studio Solution File, Format Version 12.00
# Visual Studio Version 17
VisualStudioVersion = 17.7.34221.43
MinimumVisualStudioVersion = 10.0.40219.1
Project("{FAE04EC0-301F-11D3-BF4B-00C04F79EFBC}") = "App.Api", "App.Api\App.Api.csproj", "{759E6F32-B5B5-4FB0-9B3F-154355135A36}"
EndProject
Project("{FAE04EC0-301F-11D3-BF4B-00C04F79EFBC}") = "App.Application", "App.Application\App.Application.csproj", "{2052741D-5F39-42FB-A3E4-B6D0CD09EFCE}"
EndProject
Project("{FAE04EC0-301F-11D3-BF4B-00C04F79EFBC}") = "App.Common", "App.Common\App.Common.csproj", "{C52A654E-FAA3-4302-8C3D-AE3C3F7E77E0}"
EndProject
Project("{FAE04EC0-301F-11D3-BF4B-00C04F79EFBC}") = "App.Domain", "App.Domain\App.Domain.csproj", "{3C3A5047-D3ED-4D44-83AB-FC6210A8DEDD}"
EndProject
Project("{FAE04EC0-301F-11D3-BF4B-00C04F79EFBC}") = "App.Infrastructure", "App.Infrastructure\App.Infrastructure.csproj", "{302E4B5D-4B12-4A63-B97F-1F4C43FA2BA0}"
EndProject
Project("{FAE04EC0-301F-11D3-BF4B-00C04F79EFBC}") = "App.Persistence", "App.Persistence\App.Persistence.csproj", "{D4B27D13-6E59-48BD-8F17-21520343B669}"
EndProject
Project("{FAE04EC0-301F-11D3-BF4B-00C04F79EFBC}") = "App.Web", "App.Web\App.Web.csproj", "{98A8AF07-FFA9-41D7-8056-F6FB5B3691B3}"
EndProject
Global
	GlobalSection(SolutionConfigurationPlatforms) = preSolution
		Debug|Any CPU = Debug|Any CPU
		Release|Any CPU = Release|Any CPU
	EndGlobalSection
	GlobalSection(ProjectConfigurationPlatforms) = postSolution
		{759E6F32-B5B5-4FB0-9B3F-154355135A36}.Debug|Any CPU.ActiveCfg = Debug|Any CPU
		{759E6F32-B5B5-4FB0-9B3F-154355135A36}.Debug|Any CPU.Build.0 = Debug|Any CPU
		{759E6F32-B5B5-4FB0-9B3F-154355135A36}.Release|Any CPU.ActiveCfg = Release|Any CPU
		{759E6F32-B5B5-4FB0-9B3F-154355135A36}.Release|Any CPU.Build.0 = Release|Any CPU
		{2052741D-5F39-42FB-A3E4-B6D0CD09EFCE}.Debug|Any CPU.ActiveCfg = Debug|Any CPU
		{2052741D-5F39-42FB-A3E4-B6D0CD09EFCE}.Debug|Any CPU.Build.0 = Debug|Any CPU
		{2052741D-5F39-42FB-A3E4-B6D0CD09EFCE}.Release|Any CPU.ActiveCfg = Release|Any CPU
		{2052741D-5F39-42FB-A3E4-B6D0CD09EFCE}.Release|Any CPU.Build.0 = Release|Any CPU
		{C52A654E-FAA3-4302-8C3D-AE3C3F7E77E0}.Debug|Any CPU.ActiveCfg = Debug|Any CPU
		{C52A654E-FAA3-4302-8C3D-AE3C3F7E77E0}.Debug|Any CPU.Build.0 = Debug|Any CPU
		{C52A654E-FAA3-4302-8C3D-AE3C3F7E77E0}.Release|Any CPU.ActiveCfg = Release|Any CPU
		{C52A654E-FAA3-4302-8C3D-AE3C3F7E77E0}.Release|Any CPU.Build.0 = Release|Any CPU
		{3C3A5047-D3ED-4D44-83AB-FC6210A8DEDD}.Debug|Any CPU.ActiveCfg = Debug|Any CPU
		{3C3A5047-D3ED-4D44-83AB-FC6210A8DEDD}.Debug|Any CPU.Build.0 = Debug|Any CPU
		{3C3A5047-D3ED-4D44-83AB-FC6210A8DEDD}.Release|Any CPU.ActiveCfg = Release|Any CPU
		{3C3A5047-D3ED-4D44-83AB-FC6210A8DEDD}.Release|Any CPU.Build.0 = Release|Any CPU
		{302E4B5D-4B12-4A63-B97F-1F4C43FA2BA0}.Debug|Any CPU.ActiveCfg = Debug|Any CPU
		{302E4B5D-4B12-4A63-B97F-1F4C43FA2BA0}.Debug|Any CPU.Build.0 = Debug|Any CPU
		{302E4B5D-4B12-4A63-B97F-1F4C43FA2BA0}.Release|Any CPU.ActiveCfg = Release|Any CPU
		{302E4B5D-4B12-4A63-B97F-1F4C43FA2BA0}.Release|Any CPU.Build.0 = Release|Any CPU
		{D4B27D13-6E59-48BD-8F17-21520343B669}.Debug|Any CPU.ActiveCfg = Debug|Any CPU
		{D4B27D13-6E59-48BD-8F17-21520343B669}.Debug|Any CPU.Build.0 = Debug|Any CPU
		{D4B27D13-6E59-48BD-8F17-21520343B669}.Release|Any CPU.ActiveCfg = Release|Any CPU
		{D4B27D13-6E59-48BD-8F17-21520343B669}.Release|Any CPU.Build.0 = Release|Any CPU
		{98A8AF07-FFA9-41D7-8056-F6FB5B3691B3}.Debug|Any CPU.ActiveCfg = Debug|Any CPU
		{98A8AF07-FFA9-41D7-8056-F6FB5B3691B3}.Debug|Any CPU.Build.0 = Debug|Any CPU
		{98A8AF07-FFA9-41D7-8056-F6FB5B3691B3}.Release|Any CPU.ActiveCfg = Release|Any CPU
		{98A8AF07-FFA9-41D7-8056-F6FB5B3691B3}.Release|Any CPU.Build.0 = Release|Any CPU
	EndGlobalSection
	GlobalSection(SolutionProperties) = preSolution
		HideSolutionNode = FALSE
	EndGlobalSection
	GlobalSection(ExtensibilityGlobals) = postSolution
		SolutionGuid = {70575B94-075D-46FA-841F-92A12A6D8399}
	EndGlobalSection
EndGlobal
